
Microsoft Visual Studio Solution File, Format Version 12.00
# Visual Studio 15
Project("{FAE04EC0-301F-11D3-BF4B-00C04F79EFBC}") = "EPSSharpie.Test", "EPSSharpie.Test\EPSSharpie.Test.csproj", "{8F29A424-341E-4FE4-BA1E-6BCE99B59B5B}"
EndProject
Project("{FAE04EC0-301F-11D3-BF4B-00C04F79EFBC}") = "EPSSharpie", "EPSSharpie\EPSSharpie.csproj", "{CC77FFB7-CD6D-4791-B89F-8101DAB9D7BF}"
EndProject
Project("{FAE04EC0-301F-11D3-BF4B-00C04F79EFBC}") = "SVGSharpie", "SVGSharpie.Svg\SVGSharpie.csproj", "{F8B1D8A2-0A0C-4731-9067-6E7D0405E1AA}"
EndProject
Global
	GlobalSection(SolutionConfigurationPlatforms) = preSolution
		Debug|Any CPU = Debug|Any CPU
		Release|Any CPU = Release|Any CPU
	EndGlobalSection
	GlobalSection(ProjectConfigurationPlatforms) = postSolution
		{8F29A424-341E-4FE4-BA1E-6BCE99B59B5B}.Debug|Any CPU.ActiveCfg = Debug|Any CPU
		{8F29A424-341E-4FE4-BA1E-6BCE99B59B5B}.Debug|Any CPU.Build.0 = Debug|Any CPU
		{8F29A424-341E-4FE4-BA1E-6BCE99B59B5B}.Release|Any CPU.ActiveCfg = Release|Any CPU
		{8F29A424-341E-4FE4-BA1E-6BCE99B59B5B}.Release|Any CPU.Build.0 = Release|Any CPU
		{CC77FFB7-CD6D-4791-B89F-8101DAB9D7BF}.Debug|Any CPU.ActiveCfg = Debug|Any CPU
		{CC77FFB7-CD6D-4791-B89F-8101DAB9D7BF}.Debug|Any CPU.Build.0 = Debug|Any CPU
		{CC77FFB7-CD6D-4791-B89F-8101DAB9D7BF}.Release|Any CPU.ActiveCfg = Release|Any CPU
		{CC77FFB7-CD6D-4791-B89F-8101DAB9D7BF}.Release|Any CPU.Build.0 = Release|Any CPU
		{F8B1D8A2-0A0C-4731-9067-6E7D0405E1AA}.Debug|Any CPU.ActiveCfg = Debug|Any CPU
		{F8B1D8A2-0A0C-4731-9067-6E7D0405E1AA}.Debug|Any CPU.Build.0 = Debug|Any CPU
		{F8B1D8A2-0A0C-4731-9067-6E7D0405E1AA}.Release|Any CPU.ActiveCfg = Release|Any CPU
		{F8B1D8A2-0A0C-4731-9067-6E7D0405E1AA}.Release|Any CPU.Build.0 = Release|Any CPU
	EndGlobalSection
EndGlobal
